
Microsoft Visual Studio Solution File, Format Version 12.00
# Visual Studio Version 16
VisualStudioVersion = 16.0.33214.272
MinimumVisualStudioVersion = 10.0.40219.1
Project("{FAE04EC0-301F-11D3-BF4B-00C04F79EFBC}") = "FormValDB", "FormValDB\FormValDB.csproj", "{A196F7E4-FD62-4526-A167-FC76904E9EB3}"
EndProject
Global
	GlobalSection(SolutionConfigurationPlatforms) = preSolution
		Debug|Any CPU = Debug|Any CPU
		Release|Any CPU = Release|Any CPU
	EndGlobalSection
	GlobalSection(ProjectConfigurationPlatforms) = postSolution
		{A196F7E4-FD62-4526-A167-FC76904E9EB3}.Debug|Any CPU.ActiveCfg = Debug|Any CPU
		{A196F7E4-FD62-4526-A167-FC76904E9EB3}.Debug|Any CPU.Build.0 = Debug|Any CPU
		{A196F7E4-FD62-4526-A167-FC76904E9EB3}.Release|Any CPU.ActiveCfg = Release|Any CPU
		{A196F7E4-FD62-4526-A167-FC76904E9EB3}.Release|Any CPU.Build.0 = Release|Any CPU
	EndGlobalSection
	GlobalSection(SolutionProperties) = preSolution
		HideSolutionNode = FALSE
	EndGlobalSection
	GlobalSection(ExtensibilityGlobals) = postSolution
		SolutionGuid = {B676A927-2769-4057-87A0-D77E5929C98A}
	EndGlobalSection
EndGlobal
