
Microsoft Visual Studio Solution File, Format Version 12.00
# Visual Studio Version 16
VisualStudioVersion = 16.0.33214.272
MinimumVisualStudioVersion = 10.0.40219.1
Project("{FAE04EC0-301F-11D3-BF4B-00C04F79EFBC}") = "asp_lab_class_1", "asp_lab_class_1\asp_lab_class_1.csproj", "{5AFDDADE-E3BF-4283-932D-ECF8DFDE2E60}"
EndProject
Global
	GlobalSection(SolutionConfigurationPlatforms) = preSolution
		Debug|Any CPU = Debug|Any CPU
		Release|Any CPU = Release|Any CPU
	EndGlobalSection
	GlobalSection(ProjectConfigurationPlatforms) = postSolution
		{5AFDDADE-E3BF-4283-932D-ECF8DFDE2E60}.Debug|Any CPU.ActiveCfg = Debug|Any CPU
		{5AFDDADE-E3BF-4283-932D-ECF8DFDE2E60}.Debug|Any CPU.Build.0 = Debug|Any CPU
		{5AFDDADE-E3BF-4283-932D-ECF8DFDE2E60}.Release|Any CPU.ActiveCfg = Release|Any CPU
		{5AFDDADE-E3BF-4283-932D-ECF8DFDE2E60}.Release|Any CPU.Build.0 = Release|Any CPU
	EndGlobalSection
	GlobalSection(SolutionProperties) = preSolution
		HideSolutionNode = FALSE
	EndGlobalSection
	GlobalSection(ExtensibilityGlobals) = postSolution
		SolutionGuid = {568AA45B-E349-46A9-B48B-8FD3635A4627}
	EndGlobalSection
EndGlobal
